
Microsoft Visual Studio Solution File, Format Version 12.00
# Visual Studio Version 17
VisualStudioVersion = 17.9.34902.65
MinimumVisualStudioVersion = 10.0.40219.1
Project("{9A19103F-16F7-4668-BE54-9A1E7A4F7556}") = "MaksIT.Results", "MaksIT.Results\MaksIT.Results.csproj", "{E947F5FC-8FD9-4F1E-AA5F-29FED95B5A2D}"
EndProject
Project("{FAE04EC0-301F-11D3-BF4B-00C04F79EFBC}") = "MaksIT.Results.Tests", "MaksIT.Results.Tests\MaksIT.Results.Tests.csproj", "{68D2F460-1550-5219-355F-BEDA6C1557AA}"
EndProject
Global
	GlobalSection(SolutionConfigurationPlatforms) = preSolution
		Debug|Any CPU = Debug|Any CPU
		Release|Any CPU = Release|Any CPU
	EndGlobalSection
	GlobalSection(ProjectConfigurationPlatforms) = postSolution
		{E947F5FC-8FD9-4F1E-AA5F-29FED95B5A2D}.Debug|Any CPU.ActiveCfg = Debug|Any CPU
		{E947F5FC-8FD9-4F1E-AA5F-29FED95B5A2D}.Debug|Any CPU.Build.0 = Debug|Any CPU
		{E947F5FC-8FD9-4F1E-AA5F-29FED95B5A2D}.Release|Any CPU.ActiveCfg = Release|Any CPU
		{E947F5FC-8FD9-4F1E-AA5F-29FED95B5A2D}.Release|Any CPU.Build.0 = Release|Any CPU
		{68D2F460-1550-5219-355F-BEDA6C1557AA}.Debug|Any CPU.ActiveCfg = Debug|Any CPU
		{68D2F460-1550-5219-355F-BEDA6C1557AA}.Debug|Any CPU.Build.0 = Debug|Any CPU
		{68D2F460-1550-5219-355F-BEDA6C1557AA}.Release|Any CPU.ActiveCfg = Release|Any CPU
		{68D2F460-1550-5219-355F-BEDA6C1557AA}.Release|Any CPU.Build.0 = Release|Any CPU
	EndGlobalSection
	GlobalSection(SolutionProperties) = preSolution
		HideSolutionNode = FALSE
	EndGlobalSection
	GlobalSection(ExtensibilityGlobals) = postSolution
		SolutionGuid = {C3627A51-0642-40DB-96BC-07C627FF8ACC}
	EndGlobalSection
EndGlobal
